
Microsoft Visual Studio Solution File, Format Version 12.00
# Visual Studio 14
VisualStudioVersion = 14.0.25420.1
MinimumVisualStudioVersion = 10.0.40219.1
Project("{FAE04EC0-301F-11D3-BF4B-00C04F79EFBC}") = "OWINKatana", "OWINKatana\OWINKatana.csproj", "{3E5F6915-2CB7-4D28-9647-0619850219D9}"
EndProject
Project("{FAE04EC0-301F-11D3-BF4B-00C04F79EFBC}") = "KatanaIntro", "KatanaIntro\KatanaIntro.csproj", "{70605E37-C5EA-4361-8958-C361E414A995}"
EndProject
Global
	GlobalSection(SolutionConfigurationPlatforms) = preSolution
		Debug|Any CPU = Debug|Any CPU
		Release|Any CPU = Release|Any CPU
	EndGlobalSection
	GlobalSection(ProjectConfigurationPlatforms) = postSolution
		{3E5F6915-2CB7-4D28-9647-0619850219D9}.Debug|Any CPU.ActiveCfg = Debug|Any CPU
		{3E5F6915-2CB7-4D28-9647-0619850219D9}.Debug|Any CPU.Build.0 = Debug|Any CPU
		{3E5F6915-2CB7-4D28-9647-0619850219D9}.Release|Any CPU.ActiveCfg = Release|Any CPU
		{3E5F6915-2CB7-4D28-9647-0619850219D9}.Release|Any CPU.Build.0 = Release|Any CPU
		{70605E37-C5EA-4361-8958-C361E414A995}.Debug|Any CPU.ActiveCfg = Debug|Any CPU
		{70605E37-C5EA-4361-8958-C361E414A995}.Debug|Any CPU.Build.0 = Debug|Any CPU
		{70605E37-C5EA-4361-8958-C361E414A995}.Release|Any CPU.ActiveCfg = Release|Any CPU
		{70605E37-C5EA-4361-8958-C361E414A995}.Release|Any CPU.Build.0 = Release|Any CPU
	EndGlobalSection
	GlobalSection(SolutionProperties) = preSolution
		HideSolutionNode = FALSE
	EndGlobalSection
EndGlobal
